
Microsoft Visual Studio Solution File, Format Version 12.00
# Visual Studio Version 16
VisualStudioVersion = 16.0.30907.101
MinimumVisualStudioVersion = 10.0.40219.1
Project("{FAE04EC0-301F-11D3-BF4B-00C04F79EFBC}") = "_Secao_10Exerc_02", "_Secao_10Exerc_02\_Secao_10Exerc_02.csproj", "{C539EBA1-E179-46A9-83EF-E5A4145E0DCB}"
EndProject
Global
	GlobalSection(SolutionConfigurationPlatforms) = preSolution
		Debug|Any CPU = Debug|Any CPU
		Release|Any CPU = Release|Any CPU
	EndGlobalSection
	GlobalSection(ProjectConfigurationPlatforms) = postSolution
		{C539EBA1-E179-46A9-83EF-E5A4145E0DCB}.Debug|Any CPU.ActiveCfg = Debug|Any CPU
		{C539EBA1-E179-46A9-83EF-E5A4145E0DCB}.Debug|Any CPU.Build.0 = Debug|Any CPU
		{C539EBA1-E179-46A9-83EF-E5A4145E0DCB}.Release|Any CPU.ActiveCfg = Release|Any CPU
		{C539EBA1-E179-46A9-83EF-E5A4145E0DCB}.Release|Any CPU.Build.0 = Release|Any CPU
	EndGlobalSection
	GlobalSection(SolutionProperties) = preSolution
		HideSolutionNode = FALSE
	EndGlobalSection
	GlobalSection(ExtensibilityGlobals) = postSolution
		SolutionGuid = {12B6806F-CB7F-4B68-BFFC-AFEE781BB917}
	EndGlobalSection
EndGlobal
